github.com/eqto/cast v0.0.0-20200812140025-f070b602c820 h1:D32dlPCbSk2tdJNXBKv0M1DmWUev5A+7js2UoCuQVas=
github.com/eqto/cast v0.0.0-20200812140025-f070b602c820/go.mod h1:LBeYOeZ6KIbZwlj8ym89nnEYXf5HWQqZ0mwdPxYQzn8=
github.com/eqto/cast v0.0.0-20200812140906-ef6fbc8e9d35 h1:9c0L6vT8PrELhnjW50jr1RNWdgcHcjGMpyHxloyi1uA=
github.com/eqto/cast v0.0.0-20200812140906-ef6fbc8e9d35/go.mod h1:w/KGL7Dlc9NmQ+9tL9LR3S42cU4F53CiF/v2ElSMCcU=
